
Microsoft Visual Studio Solution File, Format Version 12.00
# Visual Studio Version 17
VisualStudioVersion = 17.11.35222.181
MinimumVisualStudioVersion = 10.0.40219.1
Project("{9A19103F-16F7-4668-BE54-9A1E7A4F7556}") = "PickleHub.Catalog", "PickleHub.Catalog\PickleHub.Catalog.csproj", "{DE5693F6-BF86-4F53-ADAA-0FD2EC7234E1}"
EndProject
Project("{9A19103F-16F7-4668-BE54-9A1E7A4F7556}") = "PickleHub.Common", "PickleHub.Common\PickleHub.Common.csproj", "{AB4F1F59-E447-43B1-BCD7-B2057731BA26}"
EndProject
Project("{9A19103F-16F7-4668-BE54-9A1E7A4F7556}") = "PickleHub.Authen", "PickleHub.Authen\PickleHub.Authen.csproj", "{218A0D5F-EBE2-4CE9-8B1D-B4F8F6049E7D}"
EndProject
Project("{2150E333-8FDC-42A3-9474-1A3956D46DE8}") = "Services", "Services", "{6E78F9DE-185F-4921-817D-98FA9072D350}"
EndProject
Project("{2150E333-8FDC-42A3-9474-1A3956D46DE8}") = "Shared", "Shared", "{B49499DC-E97D-4089-AE4A-4BD3A5C5B6C3}"
EndProject
Global
	GlobalSection(SolutionConfigurationPlatforms) = preSolution
		Debug|Any CPU = Debug|Any CPU
		Release|Any CPU = Release|Any CPU
	EndGlobalSection
	GlobalSection(ProjectConfigurationPlatforms) = postSolution
		{DE5693F6-BF86-4F53-ADAA-0FD2EC7234E1}.Debug|Any CPU.ActiveCfg = Debug|Any CPU
		{DE5693F6-BF86-4F53-ADAA-0FD2EC7234E1}.Debug|Any CPU.Build.0 = Debug|Any CPU
		{DE5693F6-BF86-4F53-ADAA-0FD2EC7234E1}.Release|Any CPU.ActiveCfg = Release|Any CPU
		{DE5693F6-BF86-4F53-ADAA-0FD2EC7234E1}.Release|Any CPU.Build.0 = Release|Any CPU
		{AB4F1F59-E447-43B1-BCD7-B2057731BA26}.Debug|Any CPU.ActiveCfg = Debug|Any CPU
		{AB4F1F59-E447-43B1-BCD7-B2057731BA26}.Debug|Any CPU.Build.0 = Debug|Any CPU
		{AB4F1F59-E447-43B1-BCD7-B2057731BA26}.Release|Any CPU.ActiveCfg = Release|Any CPU
		{AB4F1F59-E447-43B1-BCD7-B2057731BA26}.Release|Any CPU.Build.0 = Release|Any CPU
		{218A0D5F-EBE2-4CE9-8B1D-B4F8F6049E7D}.Debug|Any CPU.ActiveCfg = Debug|Any CPU
		{218A0D5F-EBE2-4CE9-8B1D-B4F8F6049E7D}.Debug|Any CPU.Build.0 = Debug|Any CPU
		{218A0D5F-EBE2-4CE9-8B1D-B4F8F6049E7D}.Release|Any CPU.ActiveCfg = Release|Any CPU
		{218A0D5F-EBE2-4CE9-8B1D-B4F8F6049E7D}.Release|Any CPU.Build.0 = Release|Any CPU
	EndGlobalSection
	GlobalSection(SolutionProperties) = preSolution
		HideSolutionNode = FALSE
	EndGlobalSection
	GlobalSection(NestedProjects) = preSolution
		{DE5693F6-BF86-4F53-ADAA-0FD2EC7234E1} = {6E78F9DE-185F-4921-817D-98FA9072D350}
		{AB4F1F59-E447-43B1-BCD7-B2057731BA26} = {B49499DC-E97D-4089-AE4A-4BD3A5C5B6C3}
		{218A0D5F-EBE2-4CE9-8B1D-B4F8F6049E7D} = {6E78F9DE-185F-4921-817D-98FA9072D350}
	EndGlobalSection
	GlobalSection(ExtensibilityGlobals) = postSolution
		SolutionGuid = {69902100-7374-403B-B6AE-7C4E9CECB106}
	EndGlobalSection
EndGlobal
